
Microsoft Visual Studio Solution File, Format Version 12.00
# Visual Studio Version 16
VisualStudioVersion = 16.0.30011.22
MinimumVisualStudioVersion = 10.0.40219.1
Project("{FAE04EC0-301F-11D3-BF4B-00C04F79EFBC}") = "Broka_Evita_DP_APP", "Broka_Evita_DP_APP\Broka_Evita_DP_APP.csproj", "{04D969A7-3D03-4D35-9A29-D86617EDFDA0}"
EndProject
Global
	GlobalSection(SolutionConfigurationPlatforms) = preSolution
		Debug|Any CPU = Debug|Any CPU
		Release|Any CPU = Release|Any CPU
	EndGlobalSection
	GlobalSection(ProjectConfigurationPlatforms) = postSolution
		{04D969A7-3D03-4D35-9A29-D86617EDFDA0}.Debug|Any CPU.ActiveCfg = Debug|Any CPU
		{04D969A7-3D03-4D35-9A29-D86617EDFDA0}.Debug|Any CPU.Build.0 = Debug|Any CPU
		{04D969A7-3D03-4D35-9A29-D86617EDFDA0}.Release|Any CPU.ActiveCfg = Release|Any CPU
		{04D969A7-3D03-4D35-9A29-D86617EDFDA0}.Release|Any CPU.Build.0 = Release|Any CPU
	EndGlobalSection
	GlobalSection(SolutionProperties) = preSolution
		HideSolutionNode = FALSE
	EndGlobalSection
	GlobalSection(ExtensibilityGlobals) = postSolution
		SolutionGuid = {09A73D8D-290F-4B3A-B703-F7D63448F048}
	EndGlobalSection
EndGlobal
